
Microsoft Visual Studio Solution File, Format Version 12.00
# Visual Studio Version 16
VisualStudioVersion = 16.0.31019.35
MinimumVisualStudioVersion = 10.0.40219.1
Project("{9A19103F-16F7-4668-BE54-9A1E7A4F7556}") = "OfferMicroservice", "OfferMicroservice.csproj", "{08CD766A-BBEA-453A-9F14-D619AD9B86E8}"
EndProject
Project("{9A19103F-16F7-4668-BE54-9A1E7A4F7556}") = "OfferTest", "..\OfferTest\OfferTest.csproj", "{04214453-196E-4D7D-BC3F-6D57937E7DBF}"
EndProject
Global
	GlobalSection(SolutionConfigurationPlatforms) = preSolution
		Debug|Any CPU = Debug|Any CPU
		Release|Any CPU = Release|Any CPU
	EndGlobalSection
	GlobalSection(ProjectConfigurationPlatforms) = postSolution
		{08CD766A-BBEA-453A-9F14-D619AD9B86E8}.Debug|Any CPU.ActiveCfg = Debug|Any CPU
		{08CD766A-BBEA-453A-9F14-D619AD9B86E8}.Debug|Any CPU.Build.0 = Debug|Any CPU
		{08CD766A-BBEA-453A-9F14-D619AD9B86E8}.Release|Any CPU.ActiveCfg = Release|Any CPU
		{08CD766A-BBEA-453A-9F14-D619AD9B86E8}.Release|Any CPU.Build.0 = Release|Any CPU
		{04214453-196E-4D7D-BC3F-6D57937E7DBF}.Debug|Any CPU.ActiveCfg = Debug|Any CPU
		{04214453-196E-4D7D-BC3F-6D57937E7DBF}.Debug|Any CPU.Build.0 = Debug|Any CPU
		{04214453-196E-4D7D-BC3F-6D57937E7DBF}.Release|Any CPU.ActiveCfg = Release|Any CPU
		{04214453-196E-4D7D-BC3F-6D57937E7DBF}.Release|Any CPU.Build.0 = Release|Any CPU
	EndGlobalSection
	GlobalSection(SolutionProperties) = preSolution
		HideSolutionNode = FALSE
	EndGlobalSection
	GlobalSection(ExtensibilityGlobals) = postSolution
		SolutionGuid = {2FFE1D21-DB8F-47D0-B422-D8A2A7C86C67}
	EndGlobalSection
EndGlobal
